{
  "name": "G1-CCAPDEV-MCO",
  "lockfileVersion": 3,
  "requires": true,
  "packages": {
    "": {
      "dependencies": {
        "embla-carousel-react": "^8.6.0",
        "framer-motion": "^12.33.0",
        "react-countup": "^6.5.3",
        "react-timed-image": "^1.2.6"
      }
    },
    "node_modules/countup.js": {
      "version": "2.9.0",
      "resolved": "https://registry.npmjs.org/countup.js/-/countup.js-2.9.0.tgz",
      "integrity": "sha512-llqrvyXztRFPp6+i8jx25phHWcVWhrHO4Nlt0uAOSKHB8778zzQswa4MU3qKBvkXfJKftRYFJuVHez67lyKdHg==",
      "license": "MIT"
    },
    "node_modules/embla-carousel": {
      "version": "8.6.0",
      "resolved": "https://registry.npmjs.org/embla-carousel/-/embla-carousel-8.6.0.tgz",
      "integrity": "sha512-SjWyZBHJPbqxHOzckOfo8lHisEaJWmwd23XppYFYVh10bU66/Pn5tkVkbkCMZVdbUE5eTCI2nD8OyIP4Z+uwkA==",
      "license": "MIT"
    },
    "node_modules/embla-carousel-react": {
      "version": "8.6.0",
      "resolved": "https://registry.npmjs.org/embla-carousel-react/-/embla-carousel-react-8.6.0.tgz",
      "integrity": "sha512-0/PjqU7geVmo6F734pmPqpyHqiM99olvyecY7zdweCw+6tKEXnrE90pBiBbMMU8s5tICemzpQ3hi5EpxzGW+JA==",
      "license": "MIT",
      "dependencies": {
        "embla-carousel": "8.6.0",
        "embla-carousel-reactive-utils": "8.6.0"
      },
      "peerDependencies": {
        "react": "^16.8.0 || ^17.0.1 || ^18.0.0 || ^19.0.0 || ^19.0.0-rc"
      }
    },
    "node_modules/embla-carousel-reactive-utils": {
      "version": "8.6.0",
      "resolved": "https://registry.npmjs.org/embla-carousel-reactive-utils/-/embla-carousel-reactive-utils-8.6.0.tgz",
      "integrity": "sha512-fMVUDUEx0/uIEDM0Mz3dHznDhfX+znCCDCeIophYb1QGVM7YThSWX+wz11zlYwWFOr74b4QLGg0hrGPJeG2s4A==",
      "license": "MIT",
      "peerDependencies": {
        "embla-carousel": "8.6.0"
      }
    },
    "node_modules/framer-motion": {
      "version": "12.33.0",
      "resolved": "https://registry.npmjs.org/framer-motion/-/framer-motion-12.33.0.tgz",
      "integrity": "sha512-ca8d+rRPcDP5iIF+MoT3WNc0KHJMjIyFAbtVLvM9eA7joGSpeqDfiNH/kCs1t4CHi04njYvWyj0jS4QlEK/rJQ==",
      "license": "MIT",
      "dependencies": {
        "motion-dom": "^12.33.0",
        "motion-utils": "^12.29.2",
        "tslib": "^2.4.0"
      },
      "peerDependencies": {
        "@emotion/is-prop-valid": "*",
        "react": "^18.0.0 || ^19.0.0",
        "react-dom": "^18.0.0 || ^19.0.0"
      },
      "peerDependenciesMeta": {
        "@emotion/is-prop-valid": {
          "optional": true
        },
        "react": {
          "optional": true
        },
        "react-dom": {
          "optional": true
        }
      }
    },
    "node_modules/motion-dom": {
      "version": "12.33.0",
      "resolved": "https://registry.npmjs.org/motion-dom/-/motion-dom-12.33.0.tgz",
      "integrity": "sha512-XRPebVypsl0UM+7v0Hr8o9UAj0S2djsQWRdHBd5iVouVpMrQqAI0C/rDAT3QaYnXnHuC5hMcwDHCboNeyYjPoQ==",
      "license": "MIT",
      "dependencies": {
        "motion-utils": "^12.29.2"
      }
    },
    "node_modules/motion-utils": {
      "version": "12.29.2",
      "resolved": "https://registry.npmjs.org/motion-utils/-/motion-utils-12.29.2.tgz",
      "integrity": "sha512-G3kc34H2cX2gI63RqU+cZq+zWRRPSsNIOjpdl9TN4AQwC4sgwYPl/Q/Obf/d53nOm569T0fYK+tcoSV50BWx8A==",
      "license": "MIT"
    },
    "node_modules/react": {
      "version": "19.2.4",
      "resolved": "https://registry.npmjs.org/react/-/react-19.2.4.tgz",
      "integrity": "sha512-9nfp2hYpCwOjAN+8TZFGhtWEwgvWHXqESH8qT89AT/lWklpLON22Lc8pEtnpsZz7VmawabSU0gCjnj8aC0euHQ==",
      "license": "MIT",
      "peer": true,
      "engines": {
        "node": ">=0.10.0"
      }
    },
    "node_modules/react-countup": {
      "version": "6.5.3",
      "resolved": "https://registry.npmjs.org/react-countup/-/react-countup-6.5.3.tgz",
      "integrity": "sha512-udnqVQitxC7QWADSPDOxVWULkLvKUWrDapn5i53HE4DPRVgs+Y5rr4bo25qEl8jSh+0l2cToJgGMx+clxPM3+w==",
      "license": "MIT",
      "dependencies": {
        "countup.js": "^2.8.0"
      },
      "peerDependencies": {
        "react": ">= 16.3.0"
      }
    },
    "node_modules/react-dom": {
      "version": "19.2.4",
      "resolved": "https://registry.npmjs.org/react-dom/-/react-dom-19.2.4.tgz",
      "integrity": "sha512-AXJdLo8kgMbimY95O2aKQqsz2iWi9jMgKJhRBAxECE4IFxfcazB2LmzloIoibJI3C12IlY20+KFaLv+71bUJeQ==",
      "license": "MIT",
      "peer": true,
      "dependencies": {
        "scheduler": "^0.27.0"
      },
      "peerDependencies": {
        "react": "^19.2.4"
      }
    },
    "node_modules/react-sub-unsub": {
      "version": "2.2.8",
      "resolved": "https://registry.npmjs.org/react-sub-unsub/-/react-sub-unsub-2.2.8.tgz",
      "integrity": "sha512-o3tmiOOZPdQUCmRhkdCHXRFLOHnCwdz/N3QZ1JQ14fQGA2HysKMF0kWu56ERnQUCK7wYVCQzI8pFbnivAYNQ+A==",
      "license": "MIT",
      "peerDependencies": {
        "react": "^16.0.0 || ^17.0.0 || ^18.0.0 || ^19.0.0 || ^20.0.0 || ^21.0.0 || ^22.0.0",
        "react-dom": "^16.0.0 || ^17.0.0 || ^18.0.0 || ^19.0.0 || ^20.0.0 || ^21.0.0 || ^22.0.0"
      }
    },
    "node_modules/react-timed-image": {
      "version": "1.2.6",
      "resolved": "https://registry.npmjs.org/react-timed-image/-/react-timed-image-1.2.6.tgz",
      "integrity": "sha512-lu/xw939rT9x0k84v3DlFjxoNieZXY3HSmRDyDV70iKwozILaF2Ju1cj2Jvvi6nAj1FaawNthDMKt4ioEo7SvA==",
      "license": "MIT",
      "dependencies": {
        "react-timed-renderer": "^1.2.1",
        "react-uncached-image": "^1.1.3"
      },
      "peerDependencies": {
        "react": "^16.0.0 || ^17.0.0 || ^18.0.0 || ^19.0.0 || ^20.0.0 || ^21.0.0 || ^22.0.0",
        "react-dom": "^16.0.0 || ^17.0.0 || ^18.0.0 || ^19.0.0 || ^20.0.0 || ^21.0.0 || ^22.0.0"
      }
    },
    "node_modules/react-timed-renderer": {
      "version": "1.2.6",
      "resolved": "https://registry.npmjs.org/react-timed-renderer/-/react-timed-renderer-1.2.6.tgz",
      "integrity": "sha512-Xty6seSCsy4kz4+9zoov5y4NmwlCpvxOOrfjDjH9fvOwIB4i2YvrBp2rGolxArOnld66ZhX8AXlbrYomWDNIdg==",
      "license": "MIT",
      "dependencies": {
        "react-sub-unsub": "^2.2.2"
      },
      "peerDependencies": {
        "react": "^16.0.0 || ^17.0.0 || ^18.0.0 || ^19.0.0 || ^20.0.0 || ^21.0.0 || ^22.0.0",
        "react-dom": "^16.0.0 || ^17.0.0 || ^18.0.0 || ^19.0.0 || ^20.0.0 || ^21.0.0 || ^22.0.0"
      }
    },
    "node_modules/react-uncached-image": {
      "version": "1.1.9",
      "resolved": "https://registry.npmjs.org/react-uncached-image/-/react-uncached-image-1.1.9.tgz",
      "integrity": "sha512-tl+OShBqTq8Ino5x9xrewzNQ81rxbQaOFxBQ67qnw9PrEFJUb6CTcWtoRSTSyVf7VcJ6ZWy042nHQ2YdKFSYQw==",
      "license": "MIT",
      "peerDependencies": {
        "react": "^16.0.0 || ^17.0.0 || ^18.0.0 || ^19.0.0 || ^20.0.0 || ^21.0.0 || ^22.0.0",
        "react-dom": "^16.0.0 || ^17.0.0 || ^18.0.0 || ^19.0.0 || ^20.0.0 || ^21.0.0 || ^22.0.0"
      }
    },
    "node_modules/scheduler": {
      "version": "0.27.0",
      "resolved": "https://registry.npmjs.org/scheduler/-/scheduler-0.27.0.tgz",
      "integrity": "sha512-eNv+WrVbKu1f3vbYJT/xtiF5syA5HPIMtf9IgY/nKg0sWqzAUEvqY/xm7OcZc/qafLx/iO9FgOmeSAp4v5ti/Q==",
      "license": "MIT",
      "peer": true
    },
    "node_modules/tslib": {
      "version": "2.8.1",
      "resolved": "https://registry.npmjs.org/tslib/-/tslib-2.8.1.tgz",
      "integrity": "sha512-oJFu94HQb+KVduSUQL7wnpmqnfmLsOA/nAh6b6EH0wCEoK0/mPeXU6c3wKDV83MkOuHPRHtSXKKU99IBazS/2w==",
      "license": "0BSD"
    }
  }
}
